
Microsoft Visual Studio Solution File, Format Version 12.00
# Visual Studio 15
VisualStudioVersion = 15.0.27703.2042
MinimumVisualStudioVersion = 10.0.40219.1
Project("{FAE04EC0-301F-11D3-BF4B-00C04F79EFBC}") = "LuckyPOC.Android", "LuckyPOC\LuckyPOC.Android\LuckyPOC.Android.csproj", "{251DF101-E438-42DD-8A38-8C88442C771B}"
EndProject
Project("{FAE04EC0-301F-11D3-BF4B-00C04F79EFBC}") = "LuckyPOC", "LuckyPOC\LuckyPOC\LuckyPOC.csproj", "{2AD91B63-169C-4822-AAAD-F0F89C779C93}"
EndProject
Global
	GlobalSection(SolutionConfigurationPlatforms) = preSolution
		Debug|Any CPU = Debug|Any CPU
		Release|Any CPU = Release|Any CPU
	EndGlobalSection
	GlobalSection(ProjectConfigurationPlatforms) = postSolution
		{251DF101-E438-42DD-8A38-8C88442C771B}.Debug|Any CPU.ActiveCfg = Debug|Any CPU
		{251DF101-E438-42DD-8A38-8C88442C771B}.Debug|Any CPU.Build.0 = Debug|Any CPU
		{251DF101-E438-42DD-8A38-8C88442C771B}.Debug|Any CPU.Deploy.0 = Debug|Any CPU
		{251DF101-E438-42DD-8A38-8C88442C771B}.Release|Any CPU.ActiveCfg = Release|Any CPU
		{251DF101-E438-42DD-8A38-8C88442C771B}.Release|Any CPU.Build.0 = Release|Any CPU
		{251DF101-E438-42DD-8A38-8C88442C771B}.Release|Any CPU.Deploy.0 = Release|Any CPU
		{2AD91B63-169C-4822-AAAD-F0F89C779C93}.Debug|Any CPU.ActiveCfg = Debug|Any CPU
		{2AD91B63-169C-4822-AAAD-F0F89C779C93}.Debug|Any CPU.Build.0 = Debug|Any CPU
		{2AD91B63-169C-4822-AAAD-F0F89C779C93}.Debug|Any CPU.Deploy.0 = Debug|Any CPU
		{2AD91B63-169C-4822-AAAD-F0F89C779C93}.Release|Any CPU.ActiveCfg = Release|Any CPU
		{2AD91B63-169C-4822-AAAD-F0F89C779C93}.Release|Any CPU.Build.0 = Release|Any CPU
		{2AD91B63-169C-4822-AAAD-F0F89C779C93}.Release|Any CPU.Deploy.0 = Release|Any CPU
	EndGlobalSection
	GlobalSection(SolutionProperties) = preSolution
		HideSolutionNode = FALSE
	EndGlobalSection
	GlobalSection(ExtensibilityGlobals) = postSolution
		SolutionGuid = {0AA94701-4104-4F42-AB4D-903D5E035328}
	EndGlobalSection
EndGlobal
